{
  "name": "shared",
  "lockfileVersion": 3,
  "requires": true,
  "packages": {
    "": {
      "dependencies": {
        "earcut": "^3.0.1"
      },
      "devDependencies": {
        "@types/earcut": "^3.0.0"
      }
    },
    "node_modules/@types/earcut": {
      "version": "3.0.0",
      "resolved": "https://registry.npmjs.org/@types/earcut/-/earcut-3.0.0.tgz",
      "integrity": "sha512-k/9fOUGO39yd2sCjrbAJvGDEQvRwRnQIZlBz43roGwUZo5SHAmyVvSFyaVVZkicRVCaDXPKlbxrUcBuJoSWunQ==",
      "dev": true,
      "license": "MIT"
    },
    "node_modules/earcut": {
      "version": "3.0.1",
      "resolved": "https://registry.npmjs.org/earcut/-/earcut-3.0.1.tgz",
      "integrity": "sha512-0l1/0gOjESMeQyYaK5IDiPNvFeu93Z/cO0TjZh9eZ1vyCtZnA7KMZ8rQggpsJHIbGSdrqYq9OhuveadOVHCshw==",
      "license": "ISC"
    }
  }
}
